
Microsoft Visual Studio Solution File, Format Version 12.00
# Visual Studio Version 16
VisualStudioVersion = 16.0.34114.132
MinimumVisualStudioVersion = 10.0.40219.1
Project("{9A19103F-16F7-4668-BE54-9A1E7A4F7556}") = "OldMutual.Portal", "OldMutual.Portal\OldMutual.Portal.csproj", "{73AF6B65-598A-4E2A-BE92-2C973BD42BCF}"
EndProject
Project("{FAE04EC0-301F-11D3-BF4B-00C04F79EFBC}") = "OldMutual.Service", "OldMutual.Service\OldMutual.Service.csproj", "{0EACA361-992A-4E0E-B64B-2C5F582D7A0B}"
EndProject
Project("{FAE04EC0-301F-11D3-BF4B-00C04F79EFBC}") = "OldMutual.DTO", "OldMutual.DTO\OldMutual.DTO.csproj", "{AD81FCBB-64ED-4422-9F15-22A655C48CE0}"
EndProject
Global
	GlobalSection(SolutionConfigurationPlatforms) = preSolution
		Debug|Any CPU = Debug|Any CPU
		Release|Any CPU = Release|Any CPU
	EndGlobalSection
	GlobalSection(ProjectConfigurationPlatforms) = postSolution
		{73AF6B65-598A-4E2A-BE92-2C973BD42BCF}.Debug|Any CPU.ActiveCfg = Debug|Any CPU
		{73AF6B65-598A-4E2A-BE92-2C973BD42BCF}.Debug|Any CPU.Build.0 = Debug|Any CPU
		{73AF6B65-598A-4E2A-BE92-2C973BD42BCF}.Release|Any CPU.ActiveCfg = Release|Any CPU
		{73AF6B65-598A-4E2A-BE92-2C973BD42BCF}.Release|Any CPU.Build.0 = Release|Any CPU
		{0EACA361-992A-4E0E-B64B-2C5F582D7A0B}.Debug|Any CPU.ActiveCfg = Debug|Any CPU
		{0EACA361-992A-4E0E-B64B-2C5F582D7A0B}.Debug|Any CPU.Build.0 = Debug|Any CPU
		{0EACA361-992A-4E0E-B64B-2C5F582D7A0B}.Release|Any CPU.ActiveCfg = Release|Any CPU
		{0EACA361-992A-4E0E-B64B-2C5F582D7A0B}.Release|Any CPU.Build.0 = Release|Any CPU
		{AD81FCBB-64ED-4422-9F15-22A655C48CE0}.Debug|Any CPU.ActiveCfg = Debug|Any CPU
		{AD81FCBB-64ED-4422-9F15-22A655C48CE0}.Debug|Any CPU.Build.0 = Debug|Any CPU
		{AD81FCBB-64ED-4422-9F15-22A655C48CE0}.Release|Any CPU.ActiveCfg = Release|Any CPU
		{AD81FCBB-64ED-4422-9F15-22A655C48CE0}.Release|Any CPU.Build.0 = Release|Any CPU
	EndGlobalSection
	GlobalSection(SolutionProperties) = preSolution
		HideSolutionNode = FALSE
	EndGlobalSection
	GlobalSection(ExtensibilityGlobals) = postSolution
		SolutionGuid = {05CF95DD-E684-4838-99F0-FD5EC28D1992}
	EndGlobalSection
EndGlobal
